
Microsoft Visual Studio Solution File, Format Version 12.00
# Visual Studio Version 17
VisualStudioVersion = 17.12.35527.113 d17.12
MinimumVisualStudioVersion = 10.0.40219.1
Project("{FAE04EC0-301F-11D3-BF4B-00C04F79EFBC}") = "TDHK.ModernUi", "TDHK\TDHK.ModernUi.csproj", "{B6ADEEA2-1BF4-4505-AB39-C13CFDF8DC06}"
EndProject
Project("{FAE04EC0-301F-11D3-BF4B-00C04F79EFBC}") = "TDHK.Tests", "TDHK.Tests\TDHK.Tests.csproj", "{55E40DFE-54D9-42A5-B4FF-31C1D2878D84}"
EndProject
Project("{C7167F0D-BC9F-4E6E-AFE1-012C56B48DB5}") = "TDHK.Package", "TDHK.Package\TDHK.Package.wapproj", "{82CB9325-761A-494B-9C5C-2DAF17976782}"
EndProject
Global
	GlobalSection(SolutionConfigurationPlatforms) = preSolution
		Debug|Any CPU = Debug|Any CPU
		Debug|ARM = Debug|ARM
		Debug|ARM64 = Debug|ARM64
		Debug|x64 = Debug|x64
		Debug|x86 = Debug|x86
		Release|Any CPU = Release|Any CPU
		Release|ARM = Release|ARM
		Release|ARM64 = Release|ARM64
		Release|x64 = Release|x64
		Release|x86 = Release|x86
	EndGlobalSection
	GlobalSection(ProjectConfigurationPlatforms) = postSolution
		{B6ADEEA2-1BF4-4505-AB39-C13CFDF8DC06}.Debug|Any CPU.ActiveCfg = Debug|Any CPU
		{B6ADEEA2-1BF4-4505-AB39-C13CFDF8DC06}.Debug|Any CPU.Build.0 = Debug|Any CPU
		{B6ADEEA2-1BF4-4505-AB39-C13CFDF8DC06}.Debug|ARM.ActiveCfg = Debug|Any CPU
		{B6ADEEA2-1BF4-4505-AB39-C13CFDF8DC06}.Debug|ARM.Build.0 = Debug|Any CPU
		{B6ADEEA2-1BF4-4505-AB39-C13CFDF8DC06}.Debug|ARM64.ActiveCfg = Debug|Any CPU
		{B6ADEEA2-1BF4-4505-AB39-C13CFDF8DC06}.Debug|ARM64.Build.0 = Debug|Any CPU
		{B6ADEEA2-1BF4-4505-AB39-C13CFDF8DC06}.Debug|x64.ActiveCfg = Debug|Any CPU
		{B6ADEEA2-1BF4-4505-AB39-C13CFDF8DC06}.Debug|x64.Build.0 = Debug|Any CPU
		{B6ADEEA2-1BF4-4505-AB39-C13CFDF8DC06}.Debug|x86.ActiveCfg = Debug|Any CPU
		{B6ADEEA2-1BF4-4505-AB39-C13CFDF8DC06}.Debug|x86.Build.0 = Debug|Any CPU
		{B6ADEEA2-1BF4-4505-AB39-C13CFDF8DC06}.Release|Any CPU.ActiveCfg = Release|Any CPU
		{B6ADEEA2-1BF4-4505-AB39-C13CFDF8DC06}.Release|Any CPU.Build.0 = Release|Any CPU
		{B6ADEEA2-1BF4-4505-AB39-C13CFDF8DC06}.Release|ARM.ActiveCfg = Release|Any CPU
		{B6ADEEA2-1BF4-4505-AB39-C13CFDF8DC06}.Release|ARM.Build.0 = Release|Any CPU
		{B6ADEEA2-1BF4-4505-AB39-C13CFDF8DC06}.Release|ARM64.ActiveCfg = Release|Any CPU
		{B6ADEEA2-1BF4-4505-AB39-C13CFDF8DC06}.Release|ARM64.Build.0 = Release|Any CPU
		{B6ADEEA2-1BF4-4505-AB39-C13CFDF8DC06}.Release|x64.ActiveCfg = Release|Any CPU
		{B6ADEEA2-1BF4-4505-AB39-C13CFDF8DC06}.Release|x64.Build.0 = Release|Any CPU
		{B6ADEEA2-1BF4-4505-AB39-C13CFDF8DC06}.Release|x86.ActiveCfg = Release|Any CPU
		{B6ADEEA2-1BF4-4505-AB39-C13CFDF8DC06}.Release|x86.Build.0 = Release|Any CPU
		{55E40DFE-54D9-42A5-B4FF-31C1D2878D84}.Debug|Any CPU.ActiveCfg = Debug|Any CPU
		{55E40DFE-54D9-42A5-B4FF-31C1D2878D84}.Debug|Any CPU.Build.0 = Debug|Any CPU
		{55E40DFE-54D9-42A5-B4FF-31C1D2878D84}.Debug|ARM.ActiveCfg = Debug|Any CPU
		{55E40DFE-54D9-42A5-B4FF-31C1D2878D84}.Debug|ARM.Build.0 = Debug|Any CPU
		{55E40DFE-54D9-42A5-B4FF-31C1D2878D84}.Debug|ARM64.ActiveCfg = Debug|Any CPU
		{55E40DFE-54D9-42A5-B4FF-31C1D2878D84}.Debug|ARM64.Build.0 = Debug|Any CPU
		{55E40DFE-54D9-42A5-B4FF-31C1D2878D84}.Debug|x64.ActiveCfg = Debug|Any CPU
		{55E40DFE-54D9-42A5-B4FF-31C1D2878D84}.Debug|x64.Build.0 = Debug|Any CPU
		{55E40DFE-54D9-42A5-B4FF-31C1D2878D84}.Debug|x86.ActiveCfg = Debug|Any CPU
		{55E40DFE-54D9-42A5-B4FF-31C1D2878D84}.Debug|x86.Build.0 = Debug|Any CPU
		{55E40DFE-54D9-42A5-B4FF-31C1D2878D84}.Release|Any CPU.ActiveCfg = Release|Any CPU
		{55E40DFE-54D9-42A5-B4FF-31C1D2878D84}.Release|Any CPU.Build.0 = Release|Any CPU
		{55E40DFE-54D9-42A5-B4FF-31C1D2878D84}.Release|ARM.ActiveCfg = Release|Any CPU
		{55E40DFE-54D9-42A5-B4FF-31C1D2878D84}.Release|ARM.Build.0 = Release|Any CPU
		{55E40DFE-54D9-42A5-B4FF-31C1D2878D84}.Release|ARM64.ActiveCfg = Release|Any CPU
		{55E40DFE-54D9-42A5-B4FF-31C1D2878D84}.Release|ARM64.Build.0 = Release|Any CPU
		{55E40DFE-54D9-42A5-B4FF-31C1D2878D84}.Release|x64.ActiveCfg = Release|Any CPU
		{55E40DFE-54D9-42A5-B4FF-31C1D2878D84}.Release|x64.Build.0 = Release|Any CPU
		{55E40DFE-54D9-42A5-B4FF-31C1D2878D84}.Release|x86.ActiveCfg = Release|Any CPU
		{55E40DFE-54D9-42A5-B4FF-31C1D2878D84}.Release|x86.Build.0 = Release|Any CPU
		{82CB9325-761A-494B-9C5C-2DAF17976782}.Debug|Any CPU.ActiveCfg = Debug|Any CPU
		{82CB9325-761A-494B-9C5C-2DAF17976782}.Debug|Any CPU.Build.0 = Debug|Any CPU
		{82CB9325-761A-494B-9C5C-2DAF17976782}.Debug|Any CPU.Deploy.0 = Debug|Any CPU
		{82CB9325-761A-494B-9C5C-2DAF17976782}.Debug|ARM.ActiveCfg = Debug|ARM
		{82CB9325-761A-494B-9C5C-2DAF17976782}.Debug|ARM.Build.0 = Debug|ARM
		{82CB9325-761A-494B-9C5C-2DAF17976782}.Debug|ARM.Deploy.0 = Debug|ARM
		{82CB9325-761A-494B-9C5C-2DAF17976782}.Debug|ARM64.ActiveCfg = Debug|ARM64
		{82CB9325-761A-494B-9C5C-2DAF17976782}.Debug|ARM64.Build.0 = Debug|ARM64
		{82CB9325-761A-494B-9C5C-2DAF17976782}.Debug|ARM64.Deploy.0 = Debug|ARM64
		{82CB9325-761A-494B-9C5C-2DAF17976782}.Debug|x64.ActiveCfg = Debug|x64
		{82CB9325-761A-494B-9C5C-2DAF17976782}.Debug|x64.Build.0 = Debug|x64
		{82CB9325-761A-494B-9C5C-2DAF17976782}.Debug|x64.Deploy.0 = Debug|x64
		{82CB9325-761A-494B-9C5C-2DAF17976782}.Debug|x86.ActiveCfg = Debug|x86
		{82CB9325-761A-494B-9C5C-2DAF17976782}.Debug|x86.Build.0 = Debug|x86
		{82CB9325-761A-494B-9C5C-2DAF17976782}.Debug|x86.Deploy.0 = Debug|x86
		{82CB9325-761A-494B-9C5C-2DAF17976782}.Release|Any CPU.ActiveCfg = Release|Any CPU
		{82CB9325-761A-494B-9C5C-2DAF17976782}.Release|Any CPU.Build.0 = Release|Any CPU
		{82CB9325-761A-494B-9C5C-2DAF17976782}.Release|Any CPU.Deploy.0 = Release|Any CPU
		{82CB9325-761A-494B-9C5C-2DAF17976782}.Release|ARM.ActiveCfg = Release|ARM
		{82CB9325-761A-494B-9C5C-2DAF17976782}.Release|ARM.Build.0 = Release|ARM
		{82CB9325-761A-494B-9C5C-2DAF17976782}.Release|ARM.Deploy.0 = Release|ARM
		{82CB9325-761A-494B-9C5C-2DAF17976782}.Release|ARM64.ActiveCfg = Release|ARM64
		{82CB9325-761A-494B-9C5C-2DAF17976782}.Release|ARM64.Build.0 = Release|ARM64
		{82CB9325-761A-494B-9C5C-2DAF17976782}.Release|ARM64.Deploy.0 = Release|ARM64
		{82CB9325-761A-494B-9C5C-2DAF17976782}.Release|x64.ActiveCfg = Release|x64
		{82CB9325-761A-494B-9C5C-2DAF17976782}.Release|x64.Build.0 = Release|x64
		{82CB9325-761A-494B-9C5C-2DAF17976782}.Release|x64.Deploy.0 = Release|x64
		{82CB9325-761A-494B-9C5C-2DAF17976782}.Release|x86.ActiveCfg = Release|x86
		{82CB9325-761A-494B-9C5C-2DAF17976782}.Release|x86.Build.0 = Release|x86
		{82CB9325-761A-494B-9C5C-2DAF17976782}.Release|x86.Deploy.0 = Release|x86
	EndGlobalSection
	GlobalSection(SolutionProperties) = preSolution
		HideSolutionNode = FALSE
	EndGlobalSection
EndGlobal
